
Microsoft Visual Studio Solution File, Format Version 12.00
# Visual Studio 15
VisualStudioVersion = 15.0.28307.1705
MinimumVisualStudioVersion = 10.0.40219.1
Project("{FAE04EC0-301F-11D3-BF4B-00C04F79EFBC}") = "Vaccination MJARAB", "Vaccination MJARAB\Vaccination MJARAB.csproj", "{847A410B-DDF4-46B3-B164-C79D368EE4AA}"
EndProject
Global
	GlobalSection(SolutionConfigurationPlatforms) = preSolution
		Debug|Any CPU = Debug|Any CPU
		Release|Any CPU = Release|Any CPU
	EndGlobalSection
	GlobalSection(ProjectConfigurationPlatforms) = postSolution
		{847A410B-DDF4-46B3-B164-C79D368EE4AA}.Debug|Any CPU.ActiveCfg = Debug|Any CPU
		{847A410B-DDF4-46B3-B164-C79D368EE4AA}.Debug|Any CPU.Build.0 = Debug|Any CPU
		{847A410B-DDF4-46B3-B164-C79D368EE4AA}.Release|Any CPU.ActiveCfg = Release|Any CPU
		{847A410B-DDF4-46B3-B164-C79D368EE4AA}.Release|Any CPU.Build.0 = Release|Any CPU
	EndGlobalSection
	GlobalSection(SolutionProperties) = preSolution
		HideSolutionNode = FALSE
	EndGlobalSection
	GlobalSection(ExtensibilityGlobals) = postSolution
		SolutionGuid = {30BE0E9D-0378-49EC-96D3-955C38FBD9F6}
	EndGlobalSection
EndGlobal
